
Microsoft Visual Studio Solution File, Format Version 12.00
# Visual Studio Version 16
VisualStudioVersion = 16.0.30523.141
MinimumVisualStudioVersion = 10.0.40219.1
Project("{FAE04EC0-301F-11D3-BF4B-00C04F79EFBC}") = "BankAccount", "BankAccount.csproj", "{CC1D2A70-AAE4-4854-BBCE-79121BD3051F}"
EndProject
Global
	GlobalSection(SolutionConfigurationPlatforms) = preSolution
		Debug|Any CPU = Debug|Any CPU
		Release|Any CPU = Release|Any CPU
	EndGlobalSection
	GlobalSection(ProjectConfigurationPlatforms) = postSolution
		{CC1D2A70-AAE4-4854-BBCE-79121BD3051F}.Debug|Any CPU.ActiveCfg = Debug|Any CPU
		{CC1D2A70-AAE4-4854-BBCE-79121BD3051F}.Debug|Any CPU.Build.0 = Debug|Any CPU
		{CC1D2A70-AAE4-4854-BBCE-79121BD3051F}.Release|Any CPU.ActiveCfg = Release|Any CPU
		{CC1D2A70-AAE4-4854-BBCE-79121BD3051F}.Release|Any CPU.Build.0 = Release|Any CPU
	EndGlobalSection
	GlobalSection(SolutionProperties) = preSolution
		HideSolutionNode = FALSE
	EndGlobalSection
	GlobalSection(ExtensibilityGlobals) = postSolution
		SolutionGuid = {6E33D74D-A4B9-4696-A0E9-7AFF65CD8B9B}
	EndGlobalSection
EndGlobal
