
Microsoft Visual Studio Solution File, Format Version 12.00
# Visual Studio Version 16
VisualStudioVersion = 16.0.30523.141
MinimumVisualStudioVersion = 10.0.40219.1
Project("{FAE04EC0-301F-11D3-BF4B-00C04F79EFBC}") = "task2Q3", "task2Q3.csproj", "{B6C34BA0-75DF-49E3-A239-76F4BE7727F9}"
EndProject
Global
	GlobalSection(SolutionConfigurationPlatforms) = preSolution
		Debug|Any CPU = Debug|Any CPU
		Release|Any CPU = Release|Any CPU
	EndGlobalSection
	GlobalSection(ProjectConfigurationPlatforms) = postSolution
		{B6C34BA0-75DF-49E3-A239-76F4BE7727F9}.Debug|Any CPU.ActiveCfg = Debug|Any CPU
		{B6C34BA0-75DF-49E3-A239-76F4BE7727F9}.Debug|Any CPU.Build.0 = Debug|Any CPU
		{B6C34BA0-75DF-49E3-A239-76F4BE7727F9}.Release|Any CPU.ActiveCfg = Release|Any CPU
		{B6C34BA0-75DF-49E3-A239-76F4BE7727F9}.Release|Any CPU.Build.0 = Release|Any CPU
	EndGlobalSection
	GlobalSection(SolutionProperties) = preSolution
		HideSolutionNode = FALSE
	EndGlobalSection
	GlobalSection(ExtensibilityGlobals) = postSolution
		SolutionGuid = {44D13F18-30B8-4CD3-978D-53ABDBBE106F}
	EndGlobalSection
EndGlobal
