
Microsoft Visual Studio Solution File, Format Version 12.00
# Visual Studio Version 16
VisualStudioVersion = 16.0.30523.141
MinimumVisualStudioVersion = 10.0.40219.1
Project("{FAE04EC0-301F-11D3-BF4B-00C04F79EFBC}") = "Lab3", "Lab3.csproj", "{0C379C9E-A3F6-4358-91E4-8360AE18A36C}"
EndProject
Global
	GlobalSection(SolutionConfigurationPlatforms) = preSolution
		Debug|Any CPU = Debug|Any CPU
		Release|Any CPU = Release|Any CPU
	EndGlobalSection
	GlobalSection(ProjectConfigurationPlatforms) = postSolution
		{0C379C9E-A3F6-4358-91E4-8360AE18A36C}.Debug|Any CPU.ActiveCfg = Debug|Any CPU
		{0C379C9E-A3F6-4358-91E4-8360AE18A36C}.Debug|Any CPU.Build.0 = Debug|Any CPU
		{0C379C9E-A3F6-4358-91E4-8360AE18A36C}.Release|Any CPU.ActiveCfg = Release|Any CPU
		{0C379C9E-A3F6-4358-91E4-8360AE18A36C}.Release|Any CPU.Build.0 = Release|Any CPU
	EndGlobalSection
	GlobalSection(SolutionProperties) = preSolution
		HideSolutionNode = FALSE
	EndGlobalSection
	GlobalSection(ExtensibilityGlobals) = postSolution
		SolutionGuid = {1C90EA95-868F-458A-851F-3502EB7AB60B}
	EndGlobalSection
EndGlobal
